
Microsoft Visual Studio Solution File, Format Version 12.00
# Visual Studio 15
VisualStudioVersion = 15.0.27703.2035
MinimumVisualStudioVersion = 10.0.40219.1
Project("{FAE04EC0-301F-11D3-BF4B-00C04F79EFBC}") = "Ecole", "Ecole\Ecole.csproj", "{6E0258C9-A546-4531-8212-4798634D8853}"
EndProject
Global
	GlobalSection(SolutionConfigurationPlatforms) = preSolution
		Debug|Any CPU = Debug|Any CPU
		Release|Any CPU = Release|Any CPU
	EndGlobalSection
	GlobalSection(ProjectConfigurationPlatforms) = postSolution
		{6E0258C9-A546-4531-8212-4798634D8853}.Debug|Any CPU.ActiveCfg = Debug|Any CPU
		{6E0258C9-A546-4531-8212-4798634D8853}.Debug|Any CPU.Build.0 = Debug|Any CPU
		{6E0258C9-A546-4531-8212-4798634D8853}.Release|Any CPU.ActiveCfg = Release|Any CPU
		{6E0258C9-A546-4531-8212-4798634D8853}.Release|Any CPU.Build.0 = Release|Any CPU
	EndGlobalSection
	GlobalSection(SolutionProperties) = preSolution
		HideSolutionNode = FALSE
	EndGlobalSection
	GlobalSection(ExtensibilityGlobals) = postSolution
		SolutionGuid = {1BD05D77-87C7-419C-98BB-A2BFF2730AFE}
	EndGlobalSection
EndGlobal
