
Microsoft Visual Studio Solution File, Format Version 12.00
# Visual Studio 15
VisualStudioVersion = 15.0.27703.2035
MinimumVisualStudioVersion = 10.0.40219.1
Project("{9A19103F-16F7-4668-BE54-9A1E7A4F7556}") = "App", "App\App.csproj", "{4E7DE2D1-D41C-4F4A-8422-65647D71FCB4}"
EndProject
Project("{9A19103F-16F7-4668-BE54-9A1E7A4F7556}") = "Core", "Core\Core.csproj", "{90CFCC15-432D-488C-8A08-3981B6F714F4}"
EndProject
Project("{9A19103F-16F7-4668-BE54-9A1E7A4F7556}") = "App.Test", "App.Test\App.Test.csproj", "{2E1113E4-6394-4EC8-A73F-CB3AEC2306E7}"
EndProject
Global
	GlobalSection(SolutionConfigurationPlatforms) = preSolution
		Debug|Any CPU = Debug|Any CPU
		Release|Any CPU = Release|Any CPU
	EndGlobalSection
	GlobalSection(ProjectConfigurationPlatforms) = postSolution
		{4E7DE2D1-D41C-4F4A-8422-65647D71FCB4}.Debug|Any CPU.ActiveCfg = Debug|Any CPU
		{4E7DE2D1-D41C-4F4A-8422-65647D71FCB4}.Debug|Any CPU.Build.0 = Debug|Any CPU
		{4E7DE2D1-D41C-4F4A-8422-65647D71FCB4}.Release|Any CPU.ActiveCfg = Release|Any CPU
		{4E7DE2D1-D41C-4F4A-8422-65647D71FCB4}.Release|Any CPU.Build.0 = Release|Any CPU
		{90CFCC15-432D-488C-8A08-3981B6F714F4}.Debug|Any CPU.ActiveCfg = Debug|Any CPU
		{90CFCC15-432D-488C-8A08-3981B6F714F4}.Debug|Any CPU.Build.0 = Debug|Any CPU
		{90CFCC15-432D-488C-8A08-3981B6F714F4}.Release|Any CPU.ActiveCfg = Release|Any CPU
		{90CFCC15-432D-488C-8A08-3981B6F714F4}.Release|Any CPU.Build.0 = Release|Any CPU
		{2E1113E4-6394-4EC8-A73F-CB3AEC2306E7}.Debug|Any CPU.ActiveCfg = Debug|Any CPU
		{2E1113E4-6394-4EC8-A73F-CB3AEC2306E7}.Debug|Any CPU.Build.0 = Debug|Any CPU
		{2E1113E4-6394-4EC8-A73F-CB3AEC2306E7}.Release|Any CPU.ActiveCfg = Release|Any CPU
		{2E1113E4-6394-4EC8-A73F-CB3AEC2306E7}.Release|Any CPU.Build.0 = Release|Any CPU
	EndGlobalSection
	GlobalSection(SolutionProperties) = preSolution
		HideSolutionNode = FALSE
	EndGlobalSection
	GlobalSection(ExtensibilityGlobals) = postSolution
		SolutionGuid = {1BD05D77-87C7-419C-98BB-A2BFF2730AFE}
	EndGlobalSection
EndGlobal
