
Microsoft Visual Studio Solution File, Format Version 12.00
# Visual Studio 15
VisualStudioVersion = 15.0.27703.2035
MinimumVisualStudioVersion = 10.0.40219.1
Project("{9A19103F-16F7-4668-BE54-9A1E7A4F7556}") = "Core", "..\Core\Core.csproj", "{CA5FBB66-C147-4469-941B-AF09EABFC71C}"
EndProject
Project("{9A19103F-16F7-4668-BE54-9A1E7A4F7556}") = "App", "..\App\App.csproj", "{EB0EF101-C571-4458-A6D4-F5DECC56B85D}"
EndProject
Project("{9A19103F-16F7-4668-BE54-9A1E7A4F7556}") = "App.Test", "..\App.Test\App.Test.csproj", "{ECB28093-5A64-4358-AA8B-EF99CF951DC7}"
EndProject
Global
	GlobalSection(SolutionConfigurationPlatforms) = preSolution
		Debug|Any CPU = Debug|Any CPU
		Release|Any CPU = Release|Any CPU
	EndGlobalSection
	GlobalSection(ProjectConfigurationPlatforms) = postSolution
		{CA5FBB66-C147-4469-941B-AF09EABFC71C}.Debug|Any CPU.ActiveCfg = Debug|Any CPU
		{CA5FBB66-C147-4469-941B-AF09EABFC71C}.Debug|Any CPU.Build.0 = Debug|Any CPU
		{CA5FBB66-C147-4469-941B-AF09EABFC71C}.Release|Any CPU.ActiveCfg = Release|Any CPU
		{CA5FBB66-C147-4469-941B-AF09EABFC71C}.Release|Any CPU.Build.0 = Release|Any CPU
		{EB0EF101-C571-4458-A6D4-F5DECC56B85D}.Debug|Any CPU.ActiveCfg = Debug|Any CPU
		{EB0EF101-C571-4458-A6D4-F5DECC56B85D}.Debug|Any CPU.Build.0 = Debug|Any CPU
		{EB0EF101-C571-4458-A6D4-F5DECC56B85D}.Release|Any CPU.ActiveCfg = Release|Any CPU
		{EB0EF101-C571-4458-A6D4-F5DECC56B85D}.Release|Any CPU.Build.0 = Release|Any CPU
		{ECB28093-5A64-4358-AA8B-EF99CF951DC7}.Debug|Any CPU.ActiveCfg = Debug|Any CPU
		{ECB28093-5A64-4358-AA8B-EF99CF951DC7}.Debug|Any CPU.Build.0 = Debug|Any CPU
		{ECB28093-5A64-4358-AA8B-EF99CF951DC7}.Release|Any CPU.ActiveCfg = Release|Any CPU
		{ECB28093-5A64-4358-AA8B-EF99CF951DC7}.Release|Any CPU.Build.0 = Release|Any CPU
	EndGlobalSection
	GlobalSection(SolutionProperties) = preSolution
		HideSolutionNode = FALSE
	EndGlobalSection
	GlobalSection(ExtensibilityGlobals) = postSolution
		SolutionGuid = {A366AF20-88CE-42D2-8D26-995896F9D02F}
	EndGlobalSection
EndGlobal
